
Microsoft Visual Studio Solution File, Format Version 12.00
# Visual Studio 15
VisualStudioVersion = 15.0.27428.2002
MinimumVisualStudioVersion = 10.0.40219.1
Project("{FAE04EC0-301F-11D3-BF4B-00C04F79EFBC}") = "Battle_Ship", "Battle_Ship\Battle_Ship.csproj", "{10D844D8-A51B-48D2-BEB9-647EB80F82D5}"
EndProject
Global
	GlobalSection(SolutionConfigurationPlatforms) = preSolution
		Debug|Any CPU = Debug|Any CPU
		Release|Any CPU = Release|Any CPU
	EndGlobalSection
	GlobalSection(ProjectConfigurationPlatforms) = postSolution
		{10D844D8-A51B-48D2-BEB9-647EB80F82D5}.Debug|Any CPU.ActiveCfg = Debug|Any CPU
		{10D844D8-A51B-48D2-BEB9-647EB80F82D5}.Debug|Any CPU.Build.0 = Debug|Any CPU
		{10D844D8-A51B-48D2-BEB9-647EB80F82D5}.Release|Any CPU.ActiveCfg = Release|Any CPU
		{10D844D8-A51B-48D2-BEB9-647EB80F82D5}.Release|Any CPU.Build.0 = Release|Any CPU
	EndGlobalSection
	GlobalSection(SolutionProperties) = preSolution
		HideSolutionNode = FALSE
	EndGlobalSection
	GlobalSection(ExtensibilityGlobals) = postSolution
		SolutionGuid = {2EF77724-64B3-4A3A-A53B-69B3FB5139FD}
	EndGlobalSection
EndGlobal
