
Microsoft Visual Studio Solution File, Format Version 12.00
# Visual Studio 15
VisualStudioVersion = 15.0.27428.2002
MinimumVisualStudioVersion = 10.0.40219.1
Project("{FAE04EC0-301F-11D3-BF4B-00C04F79EFBC}") = "Tasksformidterm3", "Tasksformidterm3\Tasksformidterm3.csproj", "{A79431F9-CD0D-45B4-933F-4211AC50A90C}"
EndProject
Global
	GlobalSection(SolutionConfigurationPlatforms) = preSolution
		Debug|Any CPU = Debug|Any CPU
		Release|Any CPU = Release|Any CPU
	EndGlobalSection
	GlobalSection(ProjectConfigurationPlatforms) = postSolution
		{A79431F9-CD0D-45B4-933F-4211AC50A90C}.Debug|Any CPU.ActiveCfg = Debug|Any CPU
		{A79431F9-CD0D-45B4-933F-4211AC50A90C}.Debug|Any CPU.Build.0 = Debug|Any CPU
		{A79431F9-CD0D-45B4-933F-4211AC50A90C}.Release|Any CPU.ActiveCfg = Release|Any CPU
		{A79431F9-CD0D-45B4-933F-4211AC50A90C}.Release|Any CPU.Build.0 = Release|Any CPU
	EndGlobalSection
	GlobalSection(SolutionProperties) = preSolution
		HideSolutionNode = FALSE
	EndGlobalSection
	GlobalSection(ExtensibilityGlobals) = postSolution
		SolutionGuid = {39246D6D-D643-49A6-A768-59D66EACB3EE}
	EndGlobalSection
EndGlobal
