
Microsoft Visual Studio Solution File, Format Version 12.00
# Visual Studio 15
VisualStudioVersion = 15.0.27428.2002
MinimumVisualStudioVersion = 10.0.40219.1
Project("{FAE04EC0-301F-11D3-BF4B-00C04F79EFBC}") = "preparation1", "preparation1\preparation1.csproj", "{410AAEEA-EB8D-4A98-8A99-E56FEC03E9BF}"
EndProject
Global
	GlobalSection(SolutionConfigurationPlatforms) = preSolution
		Debug|Any CPU = Debug|Any CPU
		Release|Any CPU = Release|Any CPU
	EndGlobalSection
	GlobalSection(ProjectConfigurationPlatforms) = postSolution
		{410AAEEA-EB8D-4A98-8A99-E56FEC03E9BF}.Debug|Any CPU.ActiveCfg = Debug|Any CPU
		{410AAEEA-EB8D-4A98-8A99-E56FEC03E9BF}.Debug|Any CPU.Build.0 = Debug|Any CPU
		{410AAEEA-EB8D-4A98-8A99-E56FEC03E9BF}.Release|Any CPU.ActiveCfg = Release|Any CPU
		{410AAEEA-EB8D-4A98-8A99-E56FEC03E9BF}.Release|Any CPU.Build.0 = Release|Any CPU
	EndGlobalSection
	GlobalSection(SolutionProperties) = preSolution
		HideSolutionNode = FALSE
	EndGlobalSection
	GlobalSection(ExtensibilityGlobals) = postSolution
		SolutionGuid = {B1299309-1470-49F1-B05C-EB4B7B4CBCB0}
	EndGlobalSection
EndGlobal
